
Microsoft Visual Studio Solution File, Format Version 12.00
# Visual Studio Version 17
VisualStudioVersion = 17.10.35013.160
MinimumVisualStudioVersion = 10.0.40219.1
Project("{9A19103F-16F7-4668-BE54-9A1E7A4F7556}") = "DatasheetService", "DatasheetService.csproj", "{7FA5910A-D1EF-4018-A028-8FBCD0068F26}"
EndProject
Global
	GlobalSection(SolutionConfigurationPlatforms) = preSolution
		Debug|Any CPU = Debug|Any CPU
		Release|Any CPU = Release|Any CPU
	EndGlobalSection
	GlobalSection(ProjectConfigurationPlatforms) = postSolution
		{7FA5910A-D1EF-4018-A028-8FBCD0068F26}.Debug|Any CPU.ActiveCfg = Debug|Any CPU
		{7FA5910A-D1EF-4018-A028-8FBCD0068F26}.Debug|Any CPU.Build.0 = Debug|Any CPU
		{7FA5910A-D1EF-4018-A028-8FBCD0068F26}.Release|Any CPU.ActiveCfg = Release|Any CPU
		{7FA5910A-D1EF-4018-A028-8FBCD0068F26}.Release|Any CPU.Build.0 = Release|Any CPU
	EndGlobalSection
	GlobalSection(SolutionProperties) = preSolution
		HideSolutionNode = FALSE
	EndGlobalSection
	GlobalSection(ExtensibilityGlobals) = postSolution
		SolutionGuid = {8BE5647B-38DE-4EBD-9860-35646BE7B8D1}
	EndGlobalSection
EndGlobal
